
Microsoft Visual Studio Solution File, Format Version 12.00
# Visual Studio Version 17
VisualStudioVersion = 17.0.32002.185
MinimumVisualStudioVersion = 10.0.40219.1
Project("{FAE04EC0-301F-11D3-BF4B-00C04F79EFBC}") = "Thatsanee", "Thatsanee\Thatsanee.csproj", "{482C8B77-2B33-4483-BA6C-1314978A30C1}"
EndProject
Global
	GlobalSection(SolutionConfigurationPlatforms) = preSolution
		Debug|Any CPU = Debug|Any CPU
		Release|Any CPU = Release|Any CPU
	EndGlobalSection
	GlobalSection(ProjectConfigurationPlatforms) = postSolution
		{482C8B77-2B33-4483-BA6C-1314978A30C1}.Debug|Any CPU.ActiveCfg = Debug|Any CPU
		{482C8B77-2B33-4483-BA6C-1314978A30C1}.Debug|Any CPU.Build.0 = Debug|Any CPU
		{482C8B77-2B33-4483-BA6C-1314978A30C1}.Release|Any CPU.ActiveCfg = Release|Any CPU
		{482C8B77-2B33-4483-BA6C-1314978A30C1}.Release|Any CPU.Build.0 = Release|Any CPU
	EndGlobalSection
	GlobalSection(SolutionProperties) = preSolution
		HideSolutionNode = FALSE
	EndGlobalSection
	GlobalSection(ExtensibilityGlobals) = postSolution
		SolutionGuid = {BB54F42A-B39D-4E04-B42B-0BE9673FEC4B}
	EndGlobalSection
EndGlobal
